{
  "name": "schedulling_jobs_with_nodejs",
  "lockfileVersion": 3,
  "requires": true,
  "packages": {
    "": {
      "dependencies": {
        "cron": "^3.1.6"
      }
    },
    "node_modules/@types/luxon": {
      "version": "3.3.3",
      "resolved": "https://registry.npmjs.org/@types/luxon/-/luxon-3.3.3.tgz",
      "integrity": "sha512-/BJF3NT0pRMuxrenr42emRUF67sXwcZCd+S1ksG/Fcf9O7C3kKCY4uJSbKBE4KDUIYr3WMsvfmWD8hRjXExBJQ=="
    },
    "node_modules/cron": {
      "version": "3.1.6",
      "resolved": "https://registry.npmjs.org/cron/-/cron-3.1.6.tgz",
      "integrity": "sha512-cvFiQCeVzsA+QPM6fhjBtlKGij7tLLISnTSvFxVdnFGLdz+ZdXN37kNe0i2gefmdD17XuZA6n2uPVwzl4FxW/w==",
      "dependencies": {
        "@types/luxon": "~3.3.0",
        "luxon": "~3.4.0"
      }
    },
    "node_modules/luxon": {
      "version": "3.4.3",
      "resolved": "https://registry.npmjs.org/luxon/-/luxon-3.4.3.tgz",
      "integrity": "sha512-tFWBiv3h7z+T/tDaoxA8rqTxy1CHV6gHS//QdaH4pulbq/JuBSGgQspQQqcgnwdAx6pNI7cmvz5Sv/addzHmUg==",
      "engines": {
        "node": ">=12"
      }
    }
  }
}
